
Microsoft Visual Studio Solution File, Format Version 12.00
# Visual Studio Version 16
VisualStudioVersion = 16.0.30204.135
MinimumVisualStudioVersion = 10.0.40219.1
Project("{9A19103F-16F7-4668-BE54-9A1E7A4F7556}") = "Training", "Training\Training.csproj", "{7CAA8D59-14C3-4548-8386-A34B1E360465}"
EndProject
Project("{9A19103F-16F7-4668-BE54-9A1E7A4F7556}") = "Training.UnitTests", "Training.UnitTests\Training.UnitTests.csproj", "{990B3411-5FA0-4621-BB9B-2D200BB8A169}"
EndProject
Project("{FAE04EC0-301F-11D3-BF4B-00C04F79EFBC}") = "Training.Models.V2", "Training.Models.V2\Training.Models.V2.csproj", "{092B660B-49B6-406D-A363-762B3463F602}"
EndProject
Global
	GlobalSection(SolutionConfigurationPlatforms) = preSolution
		Debug|Any CPU = Debug|Any CPU
		Release|Any CPU = Release|Any CPU
	EndGlobalSection
	GlobalSection(ProjectConfigurationPlatforms) = postSolution
		{7CAA8D59-14C3-4548-8386-A34B1E360465}.Debug|Any CPU.ActiveCfg = Debug|Any CPU
		{7CAA8D59-14C3-4548-8386-A34B1E360465}.Debug|Any CPU.Build.0 = Debug|Any CPU
		{7CAA8D59-14C3-4548-8386-A34B1E360465}.Release|Any CPU.ActiveCfg = Release|Any CPU
		{7CAA8D59-14C3-4548-8386-A34B1E360465}.Release|Any CPU.Build.0 = Release|Any CPU
		{990B3411-5FA0-4621-BB9B-2D200BB8A169}.Debug|Any CPU.ActiveCfg = Debug|Any CPU
		{990B3411-5FA0-4621-BB9B-2D200BB8A169}.Debug|Any CPU.Build.0 = Debug|Any CPU
		{990B3411-5FA0-4621-BB9B-2D200BB8A169}.Release|Any CPU.ActiveCfg = Release|Any CPU
		{990B3411-5FA0-4621-BB9B-2D200BB8A169}.Release|Any CPU.Build.0 = Release|Any CPU
		{092B660B-49B6-406D-A363-762B3463F602}.Debug|Any CPU.ActiveCfg = Debug|Any CPU
		{092B660B-49B6-406D-A363-762B3463F602}.Debug|Any CPU.Build.0 = Debug|Any CPU
		{092B660B-49B6-406D-A363-762B3463F602}.Release|Any CPU.ActiveCfg = Release|Any CPU
		{092B660B-49B6-406D-A363-762B3463F602}.Release|Any CPU.Build.0 = Release|Any CPU
	EndGlobalSection
	GlobalSection(SolutionProperties) = preSolution
		HideSolutionNode = FALSE
	EndGlobalSection
	GlobalSection(ExtensibilityGlobals) = postSolution
		SolutionGuid = {1AAA3504-9FC0-416B-B205-DEF8CF4F1B26}
	EndGlobalSection
EndGlobal
